Microsoft Visual Studio Solution File, Format Version 12.00
# Visual Studio Version 17
VisualStudioVersion = 17.5.2.0
MinimumVisualStudioVersion = 10.0.40219.1
Project("{FAE04EC0-301F-11D3-BF4B-00C04F79EFBC}") = "Etapa1", "Etapa1.csproj", "{1EBB9F2C-416D-6A77-570F-7849E8F4C87F}"
EndProject
Global
	GlobalSection(SolutionConfigurationPlatforms) = preSolution
		Debug|Any CPU = Debug|Any CPU
		Release|Any CPU = Release|Any CPU
	EndGlobalSection
	GlobalSection(ProjectConfigurationPlatforms) = postSolution
		{1EBB9F2C-416D-6A77-570F-7849E8F4C87F}.Debug|Any CPU.ActiveCfg = Debug|Any CPU
		{1EBB9F2C-416D-6A77-570F-7849E8F4C87F}.Debug|Any CPU.Build.0 = Debug|Any CPU
		{1EBB9F2C-416D-6A77-570F-7849E8F4C87F}.Release|Any CPU.ActiveCfg = Release|Any CPU
		{1EBB9F2C-416D-6A77-570F-7849E8F4C87F}.Release|Any CPU.Build.0 = Release|Any CPU
	EndGlobalSection
	GlobalSection(SolutionProperties) = preSolution
		HideSolutionNode = FALSE
	EndGlobalSection
	GlobalSection(ExtensibilityGlobals) = postSolution
		SolutionGuid = {DD638CB7-FD87-4721-93D7-2A7B996ECB57}
	EndGlobalSection
EndGlobal
